
Microsoft Visual Studio Solution File, Format Version 12.00
# Visual Studio Version 17
VisualStudioVersion = 17.5.33424.131
MinimumVisualStudioVersion = 10.0.40219.1
Project("{FAE04EC0-301F-11D3-BF4B-00C04F79EFBC}") = "Demo01-B", "Demo01-B\Demo01-B.csproj", "{93BC6D33-058A-4DA7-8132-2496D2B59876}"
EndProject
Global
	GlobalSection(SolutionConfigurationPlatforms) = preSolution
		Debug|Any CPU = Debug|Any CPU
		Release|Any CPU = Release|Any CPU
	EndGlobalSection
	GlobalSection(ProjectConfigurationPlatforms) = postSolution
		{93BC6D33-058A-4DA7-8132-2496D2B59876}.Debug|Any CPU.ActiveCfg = Debug|Any CPU
		{93BC6D33-058A-4DA7-8132-2496D2B59876}.Debug|Any CPU.Build.0 = Debug|Any CPU
		{93BC6D33-058A-4DA7-8132-2496D2B59876}.Release|Any CPU.ActiveCfg = Release|Any CPU
		{93BC6D33-058A-4DA7-8132-2496D2B59876}.Release|Any CPU.Build.0 = Release|Any CPU
	EndGlobalSection
	GlobalSection(SolutionProperties) = preSolution
		HideSolutionNode = FALSE
	EndGlobalSection
	GlobalSection(ExtensibilityGlobals) = postSolution
		SolutionGuid = {C375D20C-4532-4108-8B51-5F24EC9EBFEA}
	EndGlobalSection
EndGlobal
